
Microsoft Visual Studio Solution File, Format Version 12.00
# Visual Studio 15
VisualStudioVersion = 15.0.28307.421
MinimumVisualStudioVersion = 10.0.40219.1
Project("{FAE04EC0-301F-11D3-BF4B-00C04F79EFBC}") = "TrackerLibrary", "TrackerLibrary\TrackerLibrary.csproj", "{FC25FE1E-4B0D-4602-8228-FC7D1D0D9061}"
EndProject
Project("{FAE04EC0-301F-11D3-BF4B-00C04F79EFBC}") = "TrackerUI", "TrackerUI\TrackerUI.csproj", "{50CF86D7-E123-4CCE-A79C-1C32CC179161}"
EndProject
Global
	GlobalSection(SolutionConfigurationPlatforms) = preSolution
		Debug|Any CPU = Debug|Any CPU
		Release|Any CPU = Release|Any CPU
	EndGlobalSection
	GlobalSection(ProjectConfigurationPlatforms) = postSolution
		{FC25FE1E-4B0D-4602-8228-FC7D1D0D9061}.Debug|Any CPU.ActiveCfg = Debug|Any CPU
		{FC25FE1E-4B0D-4602-8228-FC7D1D0D9061}.Debug|Any CPU.Build.0 = Debug|Any CPU
		{FC25FE1E-4B0D-4602-8228-FC7D1D0D9061}.Release|Any CPU.ActiveCfg = Release|Any CPU
		{FC25FE1E-4B0D-4602-8228-FC7D1D0D9061}.Release|Any CPU.Build.0 = Release|Any CPU
		{50CF86D7-E123-4CCE-A79C-1C32CC179161}.Debug|Any CPU.ActiveCfg = Debug|Any CPU
		{50CF86D7-E123-4CCE-A79C-1C32CC179161}.Debug|Any CPU.Build.0 = Debug|Any CPU
		{50CF86D7-E123-4CCE-A79C-1C32CC179161}.Release|Any CPU.ActiveCfg = Release|Any CPU
		{50CF86D7-E123-4CCE-A79C-1C32CC179161}.Release|Any CPU.Build.0 = Release|Any CPU
	EndGlobalSection
	GlobalSection(SolutionProperties) = preSolution
		HideSolutionNode = FALSE
	EndGlobalSection
	GlobalSection(ExtensibilityGlobals) = postSolution
		SolutionGuid = {C2B2FFAA-13AA-4640-BAEE-081777F1EF35}
	EndGlobalSection
EndGlobal
